
Microsoft Visual Studio Solution File, Format Version 12.00
# Visual Studio Version 17
VisualStudioVersion = 17.4.33205.214
MinimumVisualStudioVersion = 10.0.40219.1
Project("{FAE04EC0-301F-11D3-BF4B-00C04F79EFBC}") = "Console project", "Console project.csproj", "{3E2BD1FF-10A7-4054-95E4-0876A8883BBB}"
EndProject
Global
	GlobalSection(SolutionConfigurationPlatforms) = preSolution
		Debug|Any CPU = Debug|Any CPU
		Release|Any CPU = Release|Any CPU
	EndGlobalSection
	GlobalSection(ProjectConfigurationPlatforms) = postSolution
		{3E2BD1FF-10A7-4054-95E4-0876A8883BBB}.Debug|Any CPU.ActiveCfg = Debug|Any CPU
		{3E2BD1FF-10A7-4054-95E4-0876A8883BBB}.Debug|Any CPU.Build.0 = Debug|Any CPU
		{3E2BD1FF-10A7-4054-95E4-0876A8883BBB}.Release|Any CPU.ActiveCfg = Release|Any CPU
		{3E2BD1FF-10A7-4054-95E4-0876A8883BBB}.Release|Any CPU.Build.0 = Release|Any CPU
	EndGlobalSection
	GlobalSection(SolutionProperties) = preSolution
		HideSolutionNode = FALSE
	EndGlobalSection
	GlobalSection(ExtensibilityGlobals) = postSolution
		SolutionGuid = {906A20C5-F3CA-4859-B823-33D3652784DA}
	EndGlobalSection
EndGlobal
